// !$*UTF8*$!
{
	archiveVersion = 1;
	classes = {
	};
	objectVersion = 46;
	objects = {

/* Begin PBXBuildFile section */
		2B06DD851B9B1E2C00DE9AA8 /* AlarmLandingViewController.swift in Sources */ = {isa = PBXBuildFile; fileRef = 2B06DD841B9B1E2C00DE9AA8 /* AlarmLandingViewController.swift */; };
		2B06DD871B9B1E3B00DE9AA8 /* AlarmMakerViewController.swift in Sources */ = {isa = PBXBuildFile; fileRef = 2B06DD861B9B1E3B00DE9AA8 /* AlarmMakerViewController.swift */; };
		2B06DDB61B9B25C600DE9AA8 /* Realm.framework in Frameworks */ = {isa = PBXBuildFile; fileRef = 2B06DDB41B9B25C600DE9AA8 /* Realm.framework */; };
		2B06DDB71B9B25C600DE9AA8 /* Realm.framework in Embed Frameworks */ = {isa = PBXBuildFile; fileRef = 2B06DDB41B9B25C600DE9AA8 /* Realm.framework */; settings = {ATTRIBUTES = (CodeSignOnCopy, RemoveHeadersOnCopy, ); }; };
		2B06DDB81B9B25C600DE9AA8 /* RealmSwift.framework in Frameworks */ = {isa = PBXBuildFile; fileRef = 2B06DDB51B9B25C600DE9AA8 /* RealmSwift.framework */; };
		2B06DDB91B9B25C600DE9AA8 /* RealmSwift.framework in Embed Frameworks */ = {isa = PBXBuildFile; fileRef = 2B06DDB51B9B25C600DE9AA8 /* RealmSwift.framework */; settings = {ATTRIBUTES = (CodeSignOnCopy, RemoveHeadersOnCopy, ); }; };
		2B06DDBE1B9B289400DE9AA8 /* Alarm.swift in Sources */ = {isa = PBXBuildFile; fileRef = 2B06DDBD1B9B289400DE9AA8 /* Alarm.swift */; };
		2B06DDC01B9B3B2900DE9AA8 /* AlarmTableViewCell.swift in Sources */ = {isa = PBXBuildFile; fileRef = 2B06DDBF1B9B3B2900DE9AA8 /* AlarmTableViewCell.swift */; };
		2BE329B11B9AC1F9003851EE /* AppDelegate.swift in Sources */ = {isa = PBXBuildFile; fileRef = 2BE329B01B9AC1F9003851EE /* AppDelegate.swift */; };
		2BE329B61B9AC1F9003851EE /* Main.storyboard in Resources */ = {isa = PBXBuildFile; fileRef = 2BE329B41B9AC1F9003851EE /* Main.storyboard */; };
		2BE329B81B9AC1F9003851EE /* Images.xcassets in Resources */ = {isa = PBXBuildFile; fileRef = 2BE329B71B9AC1F9003851EE /* Images.xcassets */; };
		2BE329BB1B9AC1F9003851EE /* LaunchScreen.xib in Resources */ = {isa = PBXBuildFile; fileRef = 2BE329B91B9AC1F9003851EE /* LaunchScreen.xib */; };
		2BE329C71B9AC1F9003851EE /* Running_AlarmTests.swift in Sources */ = {isa = PBXBuildFile; fileRef = 2BE329C61B9AC1F9003851EE /* Running_AlarmTests.swift */; };
/* End PBXBuildFile section */

/* Begin PBXContainerItemProxy section */
		2BE329C11B9AC1F9003851EE /* PBXContainerItemProxy */ = {
			isa = PBXContainerItemProxy;
			containerPortal = 2BE329A31B9AC1F9003851EE /* Project object */;
			proxyType = 1;
			remoteGlobalIDString = 2BE329AA1B9AC1F9003851EE;
			remoteInfo = "Running-Alarm";
		};
/* End PBXContainerItemProxy section */

/* Begin PBXCopyFilesBuildPhase section */
		2B06DDBA1B9B25C700DE9AA8 /* Embed Frameworks */ = {
			isa = PBXCopyFilesBuildPhase;
			buildActionMask = 2147483647;
			dstPath = "";
			dstSubfolderSpec = 10;
			files = (
				2B06DDB91B9B25C600DE9AA8 /* RealmSwift.framework in Embed Frameworks */,
				2B06DDB71B9B25C600DE9AA8 /* Realm.framework in Embed Frameworks */,
			);
			name = "Embed Frameworks";
			runOnlyForDeploymentPostprocessing = 0;
		};
/* End PBXCopyFilesBuildPhase section */

/* Begin PBXFileReference section */
		2B06DD841B9B1E2C00DE9AA8 /* AlarmLandingViewController.swift */ = {isa = PBXFileReference; fileEncoding = 4; lastKnownFileType = sourcecode.swift; name = AlarmLandingViewController.swift; path = "Running-Alarm/AlarmLandingViewController.swift"; sourceTree = SOURCE_ROOT; };
		2B06DD861B9B1E3B00DE9AA8 /* AlarmMakerViewController.swift */ = {isa = PBXFileReference; fileEncoding = 4; lastKnownFileType = sourcecode.swift; name = AlarmMakerViewController.swift; path = "Running-Alarm/AlarmMakerViewController.swift"; sourceTree = SOURCE_ROOT; };
		2B06DDB41B9B25C600DE9AA8 /* Realm.framework */ = {isa = PBXFileReference; lastKnownFileType = wrapper.framework; path = Realm.framework; sourceTree = "<group>"; };
		2B06DDB51B9B25C600DE9AA8 /* RealmSwift.framework */ = {isa = PBXFileReference; lastKnownFileType = wrapper.framework; path = RealmSwift.framework; sourceTree = "<group>"; };
		2B06DDBD1B9B289400DE9AA8 /* Alarm.swift */ = {isa = PBXFileReference; fileEncoding = 4; lastKnownFileType = sourcecode.swift; path = Alarm.swift; sourceTree = "<group>"; };
		2B06DDBF1B9B3B2900DE9AA8 /* AlarmTableViewCell.swift */ = {isa = PBXFileReference; fileEncoding = 4; lastKnownFileType = sourcecode.swift; path = AlarmTableViewCell.swift; sourceTree = "<group>"; };
		2BE329AB1B9AC1F9003851EE /* Running-Alarm.app */ = {isa = PBXFileReference; explicitFileType = wrapper.application; includeInIndex = 0; path = "Running-Alarm.app"; sourceTree = BUILT_PRODUCTS_DIR; };
		2BE329AF1B9AC1F9003851EE /* Info.plist */ = {isa = PBXFileReference; lastKnownFileType = text.plist.xml; path = Info.plist; sourceTree = "<group>"; };
		2BE329B01B9AC1F9003851EE /* AppDelegate.swift */ = {isa = PBXFileReference; lastKnownFileType = sourcecode.swift; path = AppDelegate.swift; sourceTree = "<group>"; };
		2BE329B51B9AC1F9003851EE /* Base */ = {isa = PBXFileReference; lastKnownFileType = file.storyboard; name = Base; path = Base.lproj/Main.storyboard; sourceTree = "<group>"; };
		2BE329B71B9AC1F9003851EE /* Images.xcassets */ = {isa = PBXFileReference; lastKnownFileType = folder.assetcatalog; path = Images.xcassets; sourceTree = "<group>"; };
		2BE329BA1B9AC1F9003851EE /* Base */ = {isa = PBXFileReference; lastKnownFileType = file.xib; name = Base; path = Base.lproj/LaunchScreen.xib; sourceTree = "<group>"; };
		2BE329C01B9AC1F9003851EE /* Running-AlarmTests.xctest */ = {isa = PBXFileReference; explicitFileType = wrapper.cfbundle; includeInIndex = 0; path = "Running-AlarmTests.xctest"; sourceTree = BUILT_PRODUCTS_DIR; };
		2BE329C51B9AC1F9003851EE /* Info.plist */ = {isa = PBXFileReference; lastKnownFileType = text.plist.xml; path = Info.plist; sourceTree = "<group>"; };
		2BE329C61B9AC1F9003851EE /* Running_AlarmTests.swift */ = {isa = PBXFileReference; lastKnownFileType = sourcecode.swift; path = Running_AlarmTests.swift; sourceTree = "<group>"; };
/* End PBXFileReference section */

/* Begin PBXFrameworksBuildPhase section */
		2BE329A81B9AC1F9003851EE /* Frameworks */ = {
			isa = PBXFrameworksBuildPhase;
			buildActionMask = 2147483647;
			files = (
				2B06DDB81B9B25C600DE9AA8 /* RealmSwift.framework in Frameworks */,
				2B06DDB61B9B25C600DE9AA8 /* Realm.framework in Frameworks */,
			);
			runOnlyForDeploymentPostprocessing = 0;
		};
		2BE329BD1B9AC1F9003851EE /* Frameworks */ = {
			isa = PBXFrameworksBuildPhase;
			buildActionMask = 2147483647;
			files = (
			);
			runOnlyForDeploymentPostprocessing = 0;
		};
/* End PBXFrameworksBuildPhase section */

/* Begin PBXGroup section */
		2B06DDBC1B9B280400DE9AA8 /* Models */ = {
			isa = PBXGroup;
			children = (
				2B06DDBD1B9B289400DE9AA8 /* Alarm.swift */,
				2B06DDBF1B9B3B2900DE9AA8 /* AlarmTableViewCell.swift */,
			);
			path = Models;
			sourceTree = "<group>";
		};
		2BE329A21B9AC1F9003851EE = {
			isa = PBXGroup;
			children = (
				2B06DDB41B9B25C600DE9AA8 /* Realm.framework */,
				2B06DDB51B9B25C600DE9AA8 /* RealmSwift.framework */,
				2BE329AD1B9AC1F9003851EE /* Running-Alarm */,
				2BE329C31B9AC1F9003851EE /* Running-AlarmTests */,
				2BE329AC1B9AC1F9003851EE /* Products */,
			);
			sourceTree = "<group>";
		};
		2BE329AC1B9AC1F9003851EE /* Products */ = {
			isa = PBXGroup;
			children = (
				2BE329AB1B9AC1F9003851EE /* Running-Alarm.app */,
				2BE329C01B9AC1F9003851EE /* Running-AlarmTests.xctest */,
			);
			name = Products;
			sourceTree = "<group>";
		};
		2BE329AD1B9AC1F9003851EE /* Running-Alarm */ = {
			isa = PBXGroup;
			children = (
				2BE329B01B9AC1F9003851EE /* AppDelegate.swift */,
				2BFF5D6B1B9B14BA00C29B98 /* View Controllers */,
				2B06DDBC1B9B280400DE9AA8 /* Models */,
				2BE329B41B9AC1F9003851EE /* Main.storyboard */,
				2BE329B91B9AC1F9003851EE /* LaunchScreen.xib */,
				2BE329B71B9AC1F9003851EE /* Images.xcassets */,
				2BE329AE1B9AC1F9003851EE /* Supporting Files */,
			);
			path = "Running-Alarm";
			sourceTree = "<group>";
		};
		2BE329AE1B9AC1F9003851EE /* Supporting Files */ = {
			isa = PBXGroup;
			children = (
				2BE329AF1B9AC1F9003851EE /* Info.plist */,
			);
			name = "Supporting Files";
			sourceTree = "<group>";
		};
		2BE329C31B9AC1F9003851EE /* Running-AlarmTests */ = {
			isa = PBXGroup;
			children = (
				2BE329C61B9AC1F9003851EE /* Running_AlarmTests.swift */,
				2BE329C41B9AC1F9003851EE /* Supporting Files */,
			);
			path = "Running-AlarmTests";
			sourceTree = "<group>";
		};
		2BE329C41B9AC1F9003851EE /* Supporting Files */ = {
			isa = PBXGroup;
			children = (
				2BE329C51B9AC1F9003851EE /* Info.plist */,
			);
			name = "Supporting Files";
			sourceTree = "<group>";
		};
		2BFF5D6B1B9B14BA00C29B98 /* View Controllers */ = {
			isa = PBXGroup;
			children = (
				2B06DD841B9B1E2C00DE9AA8 /* AlarmLandingViewController.swift */,
				2B06DD861B9B1E3B00DE9AA8 /* AlarmMakerViewController.swift */,
			);
			path = "View Controllers";
			sourceTree = "<group>";
		};
/* End PBXGroup section */

/* Begin PBXNativeTarget section */
		2BE329AA1B9AC1F9003851EE /* Running-Alarm */ = {
			isa = PBXNativeTarget;
			buildConfigurationList = 2BE329CA1B9AC1F9003851EE /* Build configuration list for PBXNativeTarget "Running-Alarm" */;
			buildPhases = (
				2BE329A71B9AC1F9003851EE /* Sources */,
				2BE329A81B9AC1F9003851EE /* Frameworks */,
				2BE329A91B9AC1F9003851EE /* Resources */,
				2B06DDBA1B9B25C700DE9AA8 /* Embed Frameworks */,
				2B06DDBB1B9B273100DE9AA8 /* ShellScript */,
			);
			buildRules = (
			);
			dependencies = (
			);
			name = "Running-Alarm";
			productName = "Running-Alarm";
			productReference = 2BE329AB1B9AC1F9003851EE /* Running-Alarm.app */;
			productType = "com.apple.product-type.application";
		};
		2BE329BF1B9AC1F9003851EE /* Running-AlarmTests */ = {
			isa = PBXNativeTarget;
			buildConfigurationList = 2BE329CD1B9AC1F9003851EE /* Build configuration list for PBXNativeTarget "Running-AlarmTests" */;
			buildPhases = (
				2BE329BC1B9AC1F9003851EE /* Sources */,
				2BE329BD1B9AC1F9003851EE /* Frameworks */,
				2BE329BE1B9AC1F9003851EE /* Resources */,
			);
			buildRules = (
			);
			dependencies = (
				2BE329C21B9AC1F9003851EE /* PBXTargetDependency */,
			);
			name = "Running-AlarmTests";
			productName = "Running-AlarmTests";
			productReference = 2BE329C01B9AC1F9003851EE /* Running-AlarmTests.xctest */;
			productType = "com.apple.product-type.bundle.unit-test";
		};
/* End PBXNativeTarget section */

/* Begin PBXProject section */
		2BE329A31B9AC1F9003851EE /* Project object */ = {
			isa = PBXProject;
			attributes = {
				LastUpgradeCheck = 0630;
				ORGANIZATIONNAME = "Hohun Yoo";
				TargetAttributes = {
					2BE329AA1B9AC1F9003851EE = {
						CreatedOnToolsVersion = 6.3.2;
						DevelopmentTeam = KP5Y2NKN5N;
					};
					2BE329BF1B9AC1F9003851EE = {
						CreatedOnToolsVersion = 6.3.2;
						TestTargetID = 2BE329AA1B9AC1F9003851EE;
					};
				};
			};
			buildConfigurationList = 2BE329A61B9AC1F9003851EE /* Build configuration list for PBXProject "Running-Alarm" */;
			compatibilityVersion = "Xcode 3.2";
			developmentRegion = English;
			hasScannedForEncodings = 0;
			knownRegions = (
				en,
				Base,
			);
			mainGroup = 2BE329A21B9AC1F9003851EE;
			productRefGroup = 2BE329AC1B9AC1F9003851EE /* Products */;
			projectDirPath = "";
			projectRoot = "";
			targets = (
				2BE329AA1B9AC1F9003851EE /* Running-Alarm */,
				2BE329BF1B9AC1F9003851EE /* Running-AlarmTests */,
			);
		};
/* End PBXProject section */

/* Begin PBXResourcesBuildPhase section */
		2BE329A91B9AC1F9003851EE /* Resources */ = {
			isa = PBXResourcesBuildPhase;
			buildActionMask = 2147483647;
			files = (
				2BE329B61B9AC1F9003851EE /* Main.storyboard in Resources */,
				2BE329BB1B9AC1F9003851EE /* LaunchScreen.xib in Resources */,
				2BE329B81B9AC1F9003851EE /* Images.xcassets in Resources */,
			);
			runOnlyForDeploymentPostprocessing = 0;
		};
		2BE329BE1B9AC1F9003851EE /* Resources */ = {
			isa = PBXResourcesBuildPhase;
			buildActionMask = 2147483647;
			files = (
			);
			runOnlyForDeploymentPostprocessing = 0;
		};
/* End PBXResourcesBuildPhase section */

/* Begin PBXShellScriptBuildPhase section */
		2B06DDBB1B9B273100DE9AA8 /* ShellScript */ = {
			isa = PBXShellScriptBuildPhase;
			buildActionMask = 2147483647;
			files = (
			);
			inputPaths = (
			);
			outputPaths = (
			);
			runOnlyForDeploymentPostprocessing = 0;
			shellPath = /bin/sh;
			shellScript = "bash \"${BUILT_PRODUCTS_DIR}/${FRAMEWORKS_FOLDER_PATH}/Realm.framework/strip-frameworks.sh\"";
		};
/* End PBXShellScriptBuildPhase section */

/* Begin PBXSourcesBuildPhase section */
		2BE329A71B9AC1F9003851EE /* Sources */ = {
			isa = PBXSourcesBuildPhase;
			buildActionMask = 2147483647;
			files = (
				2B06DD851B9B1E2C00DE9AA8 /* AlarmLandingViewController.swift in Sources */,
				2B06DDBE1B9B289400DE9AA8 /* Alarm.swift in Sources */,
				2BE329B11B9AC1F9003851EE /* AppDelegate.swift in Sources */,
				2B06DD871B9B1E3B00DE9AA8 /* AlarmMakerViewController.swift in Sources */,
				2B06DDC01B9B3B2900DE9AA8 /* AlarmTableViewCell.swift in Sources */,
			);
			runOnlyForDeploymentPostprocessing = 0;
		};
		2BE329BC1B9AC1F9003851EE /* Sources */ = {
			isa = PBXSourcesBuildPhase;
			buildActionMask = 2147483647;
			files = (
				2BE329C71B9AC1F9003851EE /* Running_AlarmTests.swift in Sources */,
			);
			runOnlyForDeploymentPostprocessing = 0;
		};
/* End PBXSourcesBuildPhase section */

/* Begin PBXTargetDependency section */
		2BE329C21B9AC1F9003851EE /* PBXTargetDependency */ = {
			isa = PBXTargetDependency;
			target = 2BE329AA1B9AC1F9003851EE /* Running-Alarm */;
			targetProxy = 2BE329C11B9AC1F9003851EE /* PBXContainerItemProxy */;
		};
/* End PBXTargetDependency section */

/* Begin PBXVariantGroup section */
		2BE329B41B9AC1F9003851EE /* Main.storyboard */ = {
			isa = PBXVariantGroup;
			children = (
				2BE329B51B9AC1F9003851EE /* Base */,
			);
			name = Main.storyboard;
			sourceTree = "<group>";
		};
		2BE329B91B9AC1F9003851EE /* LaunchScreen.xib */ = {
			isa = PBXVariantGroup;
			children = (
				2BE329BA1B9AC1F9003851EE /* Base */,
			);
			name = LaunchScreen.xib;
			sourceTree = "<group>";
		};
/* End PBXVariantGroup section */

/* Begin XCBuildConfiguration section */
		2BE329C81B9AC1F9003851EE /* Debug */ = {
			isa = XCBuildConfiguration;
			buildSettings = {
				ALWAYS_SEARCH_USER_PATHS = NO;
				CLANG_CXX_LANGUAGE_STANDARD = "gnu++0x";
				CLANG_CXX_LIBRARY = "libc++";
				CLANG_ENABLE_MODULES = YES;
				CLANG_ENABLE_OBJC_ARC = YES;
				CLANG_WARN_BOOL_CONVERSION = YES;
				CLANG_WARN_CONSTANT_CONVERSION = YES;
				CLANG_WARN_DIRECT_OBJC_ISA_USAGE = YES_ERROR;
				CLANG_WARN_EMPTY_BODY = YES;
				CLANG_WARN_ENUM_CONVERSION = YES;
				CLANG_WARN_INT_CONVERSION = YES;
				CLANG_WARN_OBJC_ROOT_CLASS = YES_ERROR;
				CLANG_WARN_UNREACHABLE_CODE = YES;
				CLANG_WARN__DUPLICATE_METHOD_MATCH = YES;
				"CODE_SIGN_IDENTITY[sdk=iphoneos*]" = "iPhone Developer";
				COPY_PHASE_STRIP = NO;
				DEBUG_INFORMATION_FORMAT = "dwarf-with-dsym";
				ENABLE_STRICT_OBJC_MSGSEND = YES;
				GCC_C_LANGUAGE_STANDARD = gnu99;
				GCC_DYNAMIC_NO_PIC = NO;
				GCC_NO_COMMON_BLOCKS = YES;
				GCC_OPTIMIZATION_LEVEL = 0;
				GCC_PREPROCESSOR_DEFINITIONS = (
					"DEBUG=1",
					"$(inherited)",
				);
				GCC_SYMBOLS_PRIVATE_EXTERN = NO;
				GCC_WARN_64_TO_32_BIT_CONVERSION = YES;
				GCC_WARN_ABOUT_RETURN_TYPE = YES_ERROR;
				GCC_WARN_UNDECLARED_SELECTOR = YES;
				GCC_WARN_UNINITIALIZED_AUTOS = YES_AGGRESSIVE;
				GCC_WARN_UNUSED_FUNCTION = YES;
				GCC_WARN_UNUSED_VARIABLE = YES;
				IPHONEOS_DEPLOYMENT_TARGET = 8.3;
				MTL_ENABLE_DEBUG_INFO = YES;
				ONLY_ACTIVE_ARCH = YES;
				SDKROOT = iphoneos;
				SWIFT_OPTIMIZATION_LEVEL = "-Onone";
			};
			name = Debug;
		};
		2BE329C91B9AC1F9003851EE /* Release */ = {
			isa = XCBuildConfiguration;
			buildSettings = {
				ALWAYS_SEARCH_USER_PATHS = NO;
				CLANG_CXX_LANGUAGE_STANDARD = "gnu++0x";
				CLANG_CXX_LIBRARY = "libc++";
				CLANG_ENABLE_MODULES = YES;
				CLANG_ENABLE_OBJC_ARC = YES;
				CLANG_WARN_BOOL_CONVERSION = YES;
				CLANG_WARN_CONSTANT_CONVERSION = YES;
				CLANG_WARN_DIRECT_OBJC_ISA_USAGE = YES_ERROR;
				CLANG_WARN_EMPTY_BODY = YES;
				CLANG_WARN_ENUM_CONVERSION = YES;
				CLANG_WARN_INT_CONVERSION = YES;
				CLANG_WARN_OBJC_ROOT_CLASS = YES_ERROR;
				CLANG_WARN_UNREACHABLE_CODE = YES;
				CLANG_WARN__DUPLICATE_METHOD_MATCH = YES;
				"CODE_SIGN_IDENTITY[sdk=iphoneos*]" = "iPhone Developer";
				COPY_PHASE_STRIP = NO;
				DEBUG_INFORMATION_FORMAT = "dwarf-with-dsym";
				ENABLE_NS_ASSERTIONS = NO;
				ENABLE_STRICT_OBJC_MSGSEND = YES;
				GCC_C_LANGUAGE_STANDARD = gnu99;
				GCC_NO_COMMON_BLOCKS = YES;
				GCC_WARN_64_TO_32_BIT_CONVERSION = YES;
				GCC_WARN_ABOUT_RETURN_TYPE = YES_ERROR;
				GCC_WARN_UNDECLARED_SELECTOR = YES;
				GCC_WARN_UNINITIALIZED_AUTOS = YES_AGGRESSIVE;
				GCC_WARN_UNUSED_FUNCTION = YES;
				GCC_WARN_UNUSED_VARIABLE = YES;
				IPHONEOS_DEPLOYMENT_TARGET = 8.3;
				MTL_ENABLE_DEBUG_INFO = NO;
				SDKROOT = iphoneos;
				VALIDATE_PRODUCT = YES;
			};
			name = Release;
		};
		2BE329CB1B9AC1F9003851EE /* Debug */ = {
			isa = XCBuildConfiguration;
			buildSettings = {
				ASSETCATALOG_COMPILER_APPICON_NAME = AppIcon;
				CODE_SIGN_IDENTITY = "iPhone Developer";
				"CODE_SIGN_IDENTITY[sdk=iphoneos*]" = "iPhone Developer";
				FRAMEWORK_SEARCH_PATHS = (
					"$(inherited)",
					"$(PROJECT_DIR)",
				);
				INFOPLIST_FILE = "Running-Alarm/Info.plist";
				IPHONEOS_DEPLOYMENT_TARGET = 8.4;
				LD_RUNPATH_SEARCH_PATHS = "$(inherited) @executable_path/Frameworks";
				PRODUCT_NAME = "$(TARGET_NAME)";
				PROVISIONING_PROFILE = "";
			};
			name = Debug;
		};
		2BE329CC1B9AC1F9003851EE /* Release */ = {
			isa = XCBuildConfiguration;
			buildSettings = {
				ASSETCATALOG_COMPILER_APPICON_NAME = AppIcon;
				CODE_SIGN_IDENTITY = "iPhone Developer";
				"CODE_SIGN_IDENTITY[sdk=iphoneos*]" = "iPhone Developer";
				FRAMEWORK_SEARCH_PATHS = (
					"$(inherited)",
					"$(PROJECT_DIR)",
				);
				INFOPLIST_FILE = "Running-Alarm/Info.plist";
				IPHONEOS_DEPLOYMENT_TARGET = 8.4;
				LD_RUNPATH_SEARCH_PATHS = "$(inherited) @executable_path/Frameworks";
				PRODUCT_NAME = "$(TARGET_NAME)";
				PROVISIONING_PROFILE = "";
			};
			name = Release;
		};
		2BE329CE1B9AC1F9003851EE /* Debug */ = {
			isa = XCBuildConfiguration;
			buildSettings = {
				BUNDLE_LOADER = "$(TEST_HOST)";
				FRAMEWORK_SEARCH_PATHS = (
					"$(SDKROOT)/Developer/Library/Frameworks",
					"$(inherited)",
					"$(PROJECT_DIR)",
				);
				GCC_PREPROCESSOR_DEFINITIONS = (
					"DEBUG=1",
					"$(inherited)",
				);
				INFOPLIST_FILE = "Running-AlarmTests/Info.plist";
				LD_RUNPATH_SEARCH_PATHS = "$(inherited) @executable_path/Frameworks @loader_path/Frameworks";
				PRODUCT_NAME = "$(TARGET_NAME)";
				TEST_HOST = "$(BUILT_PRODUCTS_DIR)/Running-Alarm.app/Running-Alarm";
			};
			name = Debug;
		};
		2BE329CF1B9AC1F9003851EE /* Release */ = {
			isa = XCBuildConfiguration;
			buildSettings = {
				BUNDLE_LOADER = "$(TEST_HOST)";
				FRAMEWORK_SEARCH_PATHS = (
					"$(SDKROOT)/Developer/Library/Frameworks",
					"$(inherited)",
					"$(PROJECT_DIR)",
				);
				INFOPLIST_FILE = "Running-AlarmTests/Info.plist";
				LD_RUNPATH_SEARCH_PATHS = "$(inherited) @executable_path/Frameworks @loader_path/Frameworks";
				PRODUCT_NAME = "$(TARGET_NAME)";
				TEST_HOST = "$(BUILT_PRODUCTS_DIR)/Running-Alarm.app/Running-Alarm";
			};
			name = Release;
		};
/* End XCBuildConfiguration section */

/* Begin XCConfigurationList section */
		2BE329A61B9AC1F9003851EE /* Build configuration list for PBXProject "Running-Alarm" */ = {
			isa = XCConfigurationList;
			buildConfigurations = (
				2BE329C81B9AC1F9003851EE /* Debug */,
				2BE329C91B9AC1F9003851EE /* Release */,
			);
			defaultConfigurationIsVisible = 0;
			defaultConfigurationName = Release;
		};
		2BE329CA1B9AC1F9003851EE /* Build configuration list for PBXNativeTarget "Running-Alarm" */ = {
			isa = XCConfigurationList;
			buildConfigurations = (
				2BE329CB1B9AC1F9003851EE /* Debug */,
				2BE329CC1B9AC1F9003851EE /* Release */,
			);
			defaultConfigurationIsVisible = 0;
			defaultConfigurationName = Release;
		};
		2BE329CD1B9AC1F9003851EE /* Build configuration list for PBXNativeTarget "Running-AlarmTests" */ = {
			isa = XCConfigurationList;
			buildConfigurations = (
				2BE329CE1B9AC1F9003851EE /* Debug */,
				2BE329CF1B9AC1F9003851EE /* Release */,
			);
			defaultConfigurationIsVisible = 0;
			defaultConfigurationName = Release;
		};
/* End XCConfigurationList section */
	};
	rootObject = 2BE329A31B9AC1F9003851EE /* Project object */;
}
